
Microsoft Visual Studio Solution File, Format Version 12.00
# Visual Studio Version 17
VisualStudioVersion = 17.11.35303.130
MinimumVisualStudioVersion = 10.0.40219.1
Project("{FAE04EC0-301F-11D3-BF4B-00C04F79EFBC}") = "ClassDish", "ClassDish.csproj", "{368324E4-1292-47EB-B5A0-BD8FA1DD809C}"
EndProject
Project("{FAE04EC0-301F-11D3-BF4B-00C04F79EFBC}") = "Dishes.UnitTests", "..\Dishes.UnitTests\Dishes.UnitTests.csproj", "{FBF72C5A-73A8-4C4C-AAFD-8796EF9AEE21}"
EndProject
Global
	GlobalSection(SolutionConfigurationPlatforms) = preSolution
		Debug|Any CPU = Debug|Any CPU
		Release|Any CPU = Release|Any CPU
	EndGlobalSection
	GlobalSection(ProjectConfigurationPlatforms) = postSolution
		{368324E4-1292-47EB-B5A0-BD8FA1DD809C}.Debug|Any CPU.ActiveCfg = Debug|Any CPU
		{368324E4-1292-47EB-B5A0-BD8FA1DD809C}.Debug|Any CPU.Build.0 = Debug|Any CPU
		{368324E4-1292-47EB-B5A0-BD8FA1DD809C}.Release|Any CPU.ActiveCfg = Release|Any CPU
		{368324E4-1292-47EB-B5A0-BD8FA1DD809C}.Release|Any CPU.Build.0 = Release|Any CPU
		{FBF72C5A-73A8-4C4C-AAFD-8796EF9AEE21}.Debug|Any CPU.ActiveCfg = Debug|Any CPU
		{FBF72C5A-73A8-4C4C-AAFD-8796EF9AEE21}.Debug|Any CPU.Build.0 = Debug|Any CPU
		{FBF72C5A-73A8-4C4C-AAFD-8796EF9AEE21}.Release|Any CPU.ActiveCfg = Release|Any CPU
		{FBF72C5A-73A8-4C4C-AAFD-8796EF9AEE21}.Release|Any CPU.Build.0 = Release|Any CPU
	EndGlobalSection
	GlobalSection(SolutionProperties) = preSolution
		HideSolutionNode = FALSE
	EndGlobalSection
	GlobalSection(ExtensibilityGlobals) = postSolution
		SolutionGuid = {49B2FA44-D8C1-4A05-8FF8-CC37F1B8A0BC}
	EndGlobalSection
EndGlobal
