
Microsoft Visual Studio Solution File, Format Version 12.00
# Visual Studio Version 17
VisualStudioVersion = 17.11.35303.130
MinimumVisualStudioVersion = 10.0.40219.1
Project("{FAE04EC0-301F-11D3-BF4B-00C04F79EFBC}") = "FormsForPractice", "FormsForPractice.csproj", "{19C511BB-4354-4527-9C38-C7AD2325D2C3}"
EndProject
Global
	GlobalSection(SolutionConfigurationPlatforms) = preSolution
		Debug|Any CPU = Debug|Any CPU
		Release|Any CPU = Release|Any CPU
	EndGlobalSection
	GlobalSection(ProjectConfigurationPlatforms) = postSolution
		{19C511BB-4354-4527-9C38-C7AD2325D2C3}.Debug|Any CPU.ActiveCfg = Debug|Any CPU
		{19C511BB-4354-4527-9C38-C7AD2325D2C3}.Debug|Any CPU.Build.0 = Debug|Any CPU
		{19C511BB-4354-4527-9C38-C7AD2325D2C3}.Release|Any CPU.ActiveCfg = Release|Any CPU
		{19C511BB-4354-4527-9C38-C7AD2325D2C3}.Release|Any CPU.Build.0 = Release|Any CPU
	EndGlobalSection
	GlobalSection(SolutionProperties) = preSolution
		HideSolutionNode = FALSE
	EndGlobalSection
	GlobalSection(ExtensibilityGlobals) = postSolution
		SolutionGuid = {ADF74D19-08C6-4745-8D8D-225097C6DF6C}
	EndGlobalSection
EndGlobal
